
Microsoft Visual Studio Solution File, Format Version 12.00
# Visual Studio Version 17
VisualStudioVersion = 17.10.34928.147
MinimumVisualStudioVersion = 10.0.40219.1
Project("{8BC9CEB8-8B4A-11D0-8D11-00A0C91BC942}") = "Video-Rendering-Application", "Video-Rendering-Application.vcxproj", "{AB6881A0-736D-4450-80D7-30E739E8C6F6}"
EndProject
Global
	GlobalSection(SolutionConfigurationPlatforms) = preSolution
		Debug|x64 = Debug|x64
		Debug|x86 = Debug|x86
		Release|x64 = Release|x64
		Release|x86 = Release|x86
	EndGlobalSection
	GlobalSection(ProjectConfigurationPlatforms) = postSolution
		{AB6881A0-736D-4450-80D7-30E739E8C6F6}.Debug|x64.ActiveCfg = Debug|x64
		{AB6881A0-736D-4450-80D7-30E739E8C6F6}.Debug|x64.Build.0 = Debug|x64
		{AB6881A0-736D-4450-80D7-30E739E8C6F6}.Debug|x86.ActiveCfg = Debug|Win32
		{AB6881A0-736D-4450-80D7-30E739E8C6F6}.Debug|x86.Build.0 = Debug|Win32
		{AB6881A0-736D-4450-80D7-30E739E8C6F6}.Release|x64.ActiveCfg = Release|x64
		{AB6881A0-736D-4450-80D7-30E739E8C6F6}.Release|x64.Build.0 = Release|x64
		{AB6881A0-736D-4450-80D7-30E739E8C6F6}.Release|x86.ActiveCfg = Release|Win32
		{AB6881A0-736D-4450-80D7-30E739E8C6F6}.Release|x86.Build.0 = Release|Win32
	EndGlobalSection
	GlobalSection(SolutionProperties) = preSolution
		HideSolutionNode = FALSE
	EndGlobalSection
	GlobalSection(ExtensibilityGlobals) = postSolution
		SolutionGuid = {73CB56AA-0CBE-4765-B913-F800AD732AAF}
	EndGlobalSection
EndGlobal
